<?xml version="1.0" encoding="utf-8"?>
<Project ToolsVersion="4.0" xmlns="http://schemas.microsoft.com/developer/msbuild/2003">
  <ItemGroup>
    <ClCompile Include="BaseEntity.cpp" />
    <ClCompile Include="Camera.cpp" />
    <ClCompile Include="Cell.cpp" />
    <ClCompile Include="Centrifuge.cpp" />
    <ClCompile Include="Chunk.cpp" />
    <ClCompile Include="Component.cpp" />
    <ClCompile Include="Environment.cpp" />
    <ClCompile Include="GameObject.cpp" />
    <ClCompile Include="Keyboard.cpp" />
    <ClCompile Include="Light.cpp" />
    <ClCompile Include="LSystem.cpp" />
    <ClCompile Include="main.cpp" />
    <ClCompile Include="Material.cpp" />
    <ClCompile Include="Mesh.cpp" />
    <ClCompile Include="MeshData.cpp" />
    <ClCompile Include="Mob.cpp" />
    <ClCompile Include="Mouse.cpp" />
    <ClCompile Include="ObjObject.cpp" />
    <ClCompile Include="Player.cpp" />
    <ClCompile Include="Quaternion.cpp" />
    <ClCompile Include="Random.cpp" />
    <ClCompile Include="Resources.cpp" />
    <ClCompile Include="Shader.cpp" />
    <ClCompile Include="Skybox.cpp" />
    <ClCompile Include="SolidCell.cpp" />
    <ClCompile Include="Terrain.cpp" />
    <ClCompile Include="Time.cpp" />
    <ClCompile Include="Trackball.cpp" />
    <ClCompile Include="Transform.cpp" />
    <ClCompile Include="TransparentCell.cpp" />
    <ClCompile Include="Turtle.cpp" />
    <ClCompile Include="Window.cpp" />
    <ClCompile Include="World.cpp" />
    <ClCompile Include="Building.cpp" />
  </ItemGroup>
  <ItemGroup>
    <ClInclude Include="Camera.h" />
    <ClInclude Include="Cell.h" />
    <ClInclude Include="Centrifuge.h" />
    <ClInclude Include="Chunk.h" />
    <ClInclude Include="Commons.h" />
    <ClInclude Include="Component.h" />
    <ClInclude Include="Entity.h" />
    <ClInclude Include="BaseEntity.h" />
    <ClInclude Include="Environment.h" />
    <ClInclude Include="GameObject.h" />
    <ClInclude Include="Keyboard.h" />
    <ClInclude Include="Light.h" />
    <ClInclude Include="LSystem.h" />
    <ClInclude Include="Material.h" />
    <ClInclude Include="Mesh.h" />
    <ClInclude Include="MeshData.h" />
    <ClInclude Include="Mob.h" />
    <ClInclude Include="Mouse.h" />
    <ClInclude Include="ObjObject.h" />
    <ClInclude Include="Player.h" />
    <ClInclude Include="Point.h" />
    <ClInclude Include="Quaternion.h" />
    <ClInclude Include="Random.h" />
    <ClInclude Include="Resources.h" />
    <ClInclude Include="Shader.h" />
    <ClInclude Include="Skybox.h" />
    <ClInclude Include="SolidCell.h" />
    <ClInclude Include="Terrain.h" />
    <ClInclude Include="Time.h" />
    <ClInclude Include="Trackball.h" />
    <ClInclude Include="Transform.h" />
    <ClInclude Include="TransformEntity.h" />
    <ClInclude Include="TransparentCell.h" />
    <ClInclude Include="Turtle.h" />
    <ClInclude Include="Window.h" />
    <ClInclude Include="World.h" />
    <ClInclude Include="Building.h" />
  </ItemGroup>
  <ItemGroup>
    <Image Include="down-under_bk.tga" />
    <Image Include="down-under_dn.tga" />
    <Image Include="down-under_ft.tga" />
    <Image Include="down-under_lf.tga" />
    <Image Include="down-under_rt.tga" />
    <Image Include="down-under_up.tga" />
  </ItemGroup>
  <ItemGroup>
    <None Include="packages.config" />
    <None Include="skybox.frag.shader" />
    <None Include="skybox.vert.shader" />
    <None Include="terrain.frag.shader" />
  </ItemGroup>
</Project>