<?xml version="1.0" encoding="utf-8"?>
<Project ToolsVersion="4.0" xmlns="http://schemas.microsoft.com/developer/msbuild/2003">
  <ItemGroup>
    <Filter Include="Source Files">
      <UniqueIdentifier>{4FC737F1-C7A5-4376-A066-2A32D752A2FF}</UniqueIdentifier>
      <Extensions>cpp;c;cc;cxx;def;odl;idl;hpj;bat;asm;asmx</Extensions>
    </Filter>
    <Filter Include="Header Files">
      <UniqueIdentifier>{93995380-89BD-4b04-88EB-625FBE52EBFB}</UniqueIdentifier>
      <Extensions>h;hh;hpp;hxx;hm;inl;inc;xsd</Extensions>
    </Filter>
    <Filter Include="Resource Files">
      <UniqueIdentifier>{67DA6AB6-F800-4c08-8B7A-83BB121AAD01}</UniqueIdentifier>
      <Extensions>rc;ico;cur;bmp;dlg;rc2;rct;bin;rgs;gif;jpg;jpeg;jpe;resx;tiff;tif;png;wav;mfcribbon-ms</Extensions>
    </Filter>
    <Filter Include="Header Files\Utility">
      <UniqueIdentifier>{77061a2d-7d15-4301-9828-7e98a0b1139c}</UniqueIdentifier>
    </Filter>
    <Filter Include="Header Files\Game">
      <UniqueIdentifier>{20fe86d4-a3da-4d74-8811-a03d14f5026a}</UniqueIdentifier>
    </Filter>
    <Filter Include="Header Files\Game\Entity">
      <UniqueIdentifier>{7ae395cf-3596-4a56-8b24-cc82f9eb12b7}</UniqueIdentifier>
    </Filter>
    <Filter Include="Source Files\Utility">
      <UniqueIdentifier>{e9fb5e59-2bfe-42f2-a3f9-841686aff2c2}</UniqueIdentifier>
    </Filter>
    <Filter Include="Header Files\Frame">
      <UniqueIdentifier>{6e5ab38a-5390-4ca6-b240-539ebc720650}</UniqueIdentifier>
    </Filter>
    <Filter Include="Source Files\Frame">
      <UniqueIdentifier>{6e52912f-abc6-46e0-a055-b3fdcf3b2ce9}</UniqueIdentifier>
    </Filter>
    <Filter Include="Source Files\Game">
      <UniqueIdentifier>{32b906b4-5419-4001-80d2-ef555981093d}</UniqueIdentifier>
    </Filter>
    <Filter Include="Source Files\Game\Entity">
      <UniqueIdentifier>{abb12eb2-7589-4a62-87d8-52762534c70c}</UniqueIdentifier>
    </Filter>
    <Filter Include="Header Files\Game\Mechanics">
      <UniqueIdentifier>{6a229d93-c077-4cc0-a63a-dbd470bfebc7}</UniqueIdentifier>
    </Filter>
    <Filter Include="Source Files\Game\Mechanics">
      <UniqueIdentifier>{08dcf241-a5aa-40bf-8250-c6acfc89cfa4}</UniqueIdentifier>
    </Filter>
    <Filter Include="Header Files\Game\Entity\Template">
      <UniqueIdentifier>{eaad2620-5a1c-4d15-ad9a-204a16be94bd}</UniqueIdentifier>
    </Filter>
    <Filter Include="Source Files\Game\Entity\Template">
      <UniqueIdentifier>{c12f3dbe-9bda-4876-8909-9ba101ad1e5f}</UniqueIdentifier>
    </Filter>
    <Filter Include="Header Files\Game\Entity\Terrain">
      <UniqueIdentifier>{d8949084-4862-469f-9472-e5d4570e9e81}</UniqueIdentifier>
    </Filter>
    <Filter Include="Source Files\Game\Entity\Terrain">
      <UniqueIdentifier>{5b4b35a3-9954-43b8-bef1-b7566b3f3576}</UniqueIdentifier>
    </Filter>
    <Filter Include="Source Files\Game\Entity\Cells">
      <UniqueIdentifier>{f7d363ee-812b-4d20-8f2d-617d376b6668}</UniqueIdentifier>
    </Filter>
    <Filter Include="Header Files\Game\Entity\Cells">
      <UniqueIdentifier>{3d28ca04-6893-499e-8137-4e9f9baa4e07}</UniqueIdentifier>
    </Filter>
    <Filter Include="Header Files\Game\Graphics">
      <UniqueIdentifier>{4a28afd5-df5a-4dae-b2b2-d173d6b633ff}</UniqueIdentifier>
    </Filter>
    <Filter Include="Source Files\Game\Graphics">
      <UniqueIdentifier>{6ac34178-9bc8-4404-af98-8ba4eb3ad2a0}</UniqueIdentifier>
    </Filter>
  </ItemGroup>
  <ItemGroup>
    <None Include="packages.config" />
    <None Include="skybox.frag.shader">
      <Filter>Resource Files</Filter>
    </None>
    <None Include="skybox.vert.shader">
      <Filter>Resource Files</Filter>
    </None>
  </ItemGroup>
  <ItemGroup>
    <ClInclude Include="Commons.h">
      <Filter>Header Files\Utility</Filter>
    </ClInclude>
    <ClInclude Include="Time.h">
      <Filter>Header Files\Utility</Filter>
    </ClInclude>
    <ClInclude Include="Window.h">
      <Filter>Header Files\Frame</Filter>
    </ClInclude>
    <ClInclude Include="Environment.h">
      <Filter>Header Files\Game</Filter>
    </ClInclude>
    <ClInclude Include="Quaternion.h">
      <Filter>Header Files\Utility</Filter>
    </ClInclude>
    <ClInclude Include="Transform.h">
      <Filter>Header Files\Utility</Filter>
    </ClInclude>
    <ClInclude Include="Shader.h">
      <Filter>Header Files\Frame</Filter>
    </ClInclude>
    <ClInclude Include="Resources.h">
      <Filter>Header Files\Utility</Filter>
    </ClInclude>
    <ClInclude Include="Mob.h">
      <Filter>Header Files\Game\Entity</Filter>
    </ClInclude>
    <ClInclude Include="Keyboard.h">
      <Filter>Header Files\Frame</Filter>
    </ClInclude>
    <ClInclude Include="Player.h">
      <Filter>Header Files\Game\Entity</Filter>
    </ClInclude>
    <ClInclude Include="Mouse.h">
      <Filter>Header Files\Frame</Filter>
    </ClInclude>
    <ClInclude Include="Point.h">
      <Filter>Header Files\Utility</Filter>
    </ClInclude>
    <ClInclude Include="Trackball.h">
      <Filter>Header Files\Game\Mechanics</Filter>
    </ClInclude>
    <ClInclude Include="ObjObject.h">
      <Filter>Header Files\Game\Entity</Filter>
    </ClInclude>
    <ClInclude Include="BaseEntity.h">
      <Filter>Header Files\Game\Entity\Template</Filter>
    </ClInclude>
    <ClInclude Include="Component.h">
      <Filter>Header Files\Game\Entity\Template</Filter>
    </ClInclude>
    <ClInclude Include="Entity.h">
      <Filter>Header Files\Game\Entity\Template</Filter>
    </ClInclude>
    <ClInclude Include="TransformEntity.h">
      <Filter>Header Files\Game\Entity\Template</Filter>
    </ClInclude>
    <ClInclude Include="Centrifuge.h">
      <Filter>Header Files\Game\Entity</Filter>
    </ClInclude>
    <ClInclude Include="GameObject.h">
      <Filter>Header Files\Game\Entity</Filter>
    </ClInclude>
    <ClInclude Include="Light.h">
      <Filter>Header Files\Game\Mechanics</Filter>
    </ClInclude>
    <ClInclude Include="Material.h">
      <Filter>Header Files\Game\Mechanics</Filter>
    </ClInclude>
    <ClInclude Include="Camera.h">
      <Filter>Header Files\Game\Mechanics</Filter>
    </ClInclude>
    <ClInclude Include="Skybox.h">
      <Filter>Header Files\Game\Mechanics</Filter>
    </ClInclude>
    <ClInclude Include="Chunk.h">
      <Filter>Header Files\Game\Entity\Terrain</Filter>
    </ClInclude>
    <ClInclude Include="Cell.h">
      <Filter>Header Files\Game\Entity\Terrain</Filter>
    </ClInclude>
    <ClInclude Include="SolidCell.h">
      <Filter>Header Files\Game\Entity\Terrain</Filter>
    </ClInclude>
    <ClInclude Include="Terrain.h">
      <Filter>Header Files\Game\Entity\Terrain</Filter>
    </ClInclude>
    <ClInclude Include="TransparentCell.h">
      <Filter>Header Files\Game\Entity\Cells</Filter>
    </ClInclude>
    <ClInclude Include="Mesh.h">
      <Filter>Header Files\Game\Graphics</Filter>
    </ClInclude>
    <ClInclude Include="MeshData.h">
      <Filter>Header Files\Game\Graphics</Filter>
    </ClInclude>
    <ClInclude Include="World.h">
      <Filter>Header Files\Game\Entity\Terrain</Filter>
    </ClInclude>
  </ItemGroup>
  <ItemGroup>
    <ClCompile Include="Time.cpp">
      <Filter>Source Files\Utility</Filter>
    </ClCompile>
    <ClCompile Include="main.cpp">
      <Filter>Source Files</Filter>
    </ClCompile>
    <ClCompile Include="Window.cpp">
      <Filter>Source Files\Frame</Filter>
    </ClCompile>
    <ClCompile Include="Environment.cpp">
      <Filter>Source Files\Game</Filter>
    </ClCompile>
    <ClCompile Include="Transform.cpp">
      <Filter>Source Files\Utility</Filter>
    </ClCompile>
    <ClCompile Include="Quaternion.cpp">
      <Filter>Source Files\Utility</Filter>
    </ClCompile>
    <ClCompile Include="Shader.cpp">
      <Filter>Source Files\Frame</Filter>
    </ClCompile>
    <ClCompile Include="Resources.cpp">
      <Filter>Source Files\Utility</Filter>
    </ClCompile>
    <ClCompile Include="Keyboard.cpp">
      <Filter>Source Files\Frame</Filter>
    </ClCompile>
    <ClCompile Include="Player.cpp">
      <Filter>Source Files\Game\Entity</Filter>
    </ClCompile>
    <ClCompile Include="Mob.cpp">
      <Filter>Source Files\Game\Entity</Filter>
    </ClCompile>
    <ClCompile Include="Mouse.cpp">
      <Filter>Source Files\Frame</Filter>
    </ClCompile>
    <ClCompile Include="Trackball.cpp">
      <Filter>Source Files\Game\Mechanics</Filter>
    </ClCompile>
    <ClCompile Include="ObjObject.cpp">
      <Filter>Source Files\Game\Entity</Filter>
    </ClCompile>
    <ClCompile Include="BaseEntity.cpp">
      <Filter>Source Files\Game\Entity\Template</Filter>
    </ClCompile>
    <ClCompile Include="Component.cpp">
      <Filter>Source Files\Game\Entity\Template</Filter>
    </ClCompile>
    <ClCompile Include="Centrifuge.cpp">
      <Filter>Source Files\Game\Entity</Filter>
    </ClCompile>
    <ClCompile Include="GameObject.cpp">
      <Filter>Source Files\Game\Entity</Filter>
    </ClCompile>
    <ClCompile Include="Light.cpp">
      <Filter>Source Files\Game\Mechanics</Filter>
    </ClCompile>
    <ClCompile Include="Material.cpp">
      <Filter>Source Files\Game\Mechanics</Filter>
    </ClCompile>
    <ClCompile Include="Camera.cpp">
      <Filter>Source Files\Game\Mechanics</Filter>
    </ClCompile>
    <ClCompile Include="Skybox.cpp">
      <Filter>Source Files\Game\Mechanics</Filter>
    </ClCompile>
    <ClCompile Include="Chunk.cpp">
      <Filter>Source Files\Game\Entity\Terrain</Filter>
    </ClCompile>
    <ClCompile Include="SolidCell.cpp">
      <Filter>Source Files\Game\Entity\Terrain</Filter>
    </ClCompile>
    <ClCompile Include="TransparentCell.cpp">
      <Filter>Source Files\Game\Entity\Cells</Filter>
    </ClCompile>
    <ClCompile Include="Mesh.cpp">
      <Filter>Source Files\Game\Graphics</Filter>
    </ClCompile>
    <ClCompile Include="Terrain.cpp">
      <Filter>Source Files\Game\Entity\Terrain</Filter>
    </ClCompile>
    <ClCompile Include="MeshData.cpp">
      <Filter>Source Files\Game\Graphics</Filter>
    </ClCompile>
    <ClCompile Include="Cell.cpp">
      <Filter>Source Files\Game\Entity\Terrain</Filter>
    </ClCompile>
    <ClCompile Include="World.cpp">
      <Filter>Source Files\Game\Entity\Terrain</Filter>
    </ClCompile>
  </ItemGroup>
  <ItemGroup>
    <Image Include="down-under_bk.tga">
      <Filter>Resource Files</Filter>
    </Image>
    <Image Include="down-under_dn.tga">
      <Filter>Resource Files</Filter>
    </Image>
    <Image Include="down-under_ft.tga">
      <Filter>Resource Files</Filter>
    </Image>
    <Image Include="down-under_lf.tga">
      <Filter>Resource Files</Filter>
    </Image>
    <Image Include="down-under_rt.tga">
      <Filter>Resource Files</Filter>
    </Image>
    <Image Include="down-under_up.tga">
      <Filter>Resource Files</Filter>
    </Image>
  </ItemGroup>
</Project>